
Microsoft Visual Studio Solution File, Format Version 12.00
# Visual Studio Version 17
VisualStudioVersion = 17.4.33213.308
MinimumVisualStudioVersion = 10.0.40219.1
Project("{FAE04EC0-301F-11D3-BF4B-00C04F79EFBC}") = "WpfApp1", "WpfApp1\WpfApp1.csproj", "{32BCA0BD-5A26-4428-9525-5DB787A0CE22}"
EndProject
Global
	GlobalSection(SolutionConfigurationPlatforms) = preSolution
		Debug|Any CPU = Debug|Any CPU
		Release|Any CPU = Release|Any CPU
	EndGlobalSection
	GlobalSection(ProjectConfigurationPlatforms) = postSolution
		{32BCA0BD-5A26-4428-9525-5DB787A0CE22}.Debug|Any CPU.ActiveCfg = Debug|Any CPU
		{32BCA0BD-5A26-4428-9525-5DB787A0CE22}.Debug|Any CPU.Build.0 = Debug|Any CPU
		{32BCA0BD-5A26-4428-9525-5DB787A0CE22}.Release|Any CPU.ActiveCfg = Release|Any CPU
		{32BCA0BD-5A26-4428-9525-5DB787A0CE22}.Release|Any CPU.Build.0 = Release|Any CPU
	EndGlobalSection
	GlobalSection(SolutionProperties) = preSolution
		HideSolutionNode = FALSE
	EndGlobalSection
	GlobalSection(ExtensibilityGlobals) = postSolution
		SolutionGuid = {468B611E-5F49-41EF-A64A-1A7ABB9E36F5}
	EndGlobalSection
EndGlobal
